
Microsoft Visual Studio Solution File, Format Version 12.00
Project("{FAE04EC0-301F-11D3-BF4B-00C04F79EFBC}") = "Application", "Application\Application.csproj", "{0BDB1E54-9822-4261-AF10-BE438DD36BDF}"
EndProject
Project("{FAE04EC0-301F-11D3-BF4B-00C04F79EFBC}") = "Infrastructure", "Infrastructure\Infrastructure.csproj", "{DF3F14CA-7160-4CAA-97B1-48499EABDEA6}"
EndProject
Project("{FAE04EC0-301F-11D3-BF4B-00C04F79EFBC}") = "api", "api\api.csproj", "{50003437-236E-486B-87C3-F06DAFE51795}"
EndProject
Project("{FAE04EC0-301F-11D3-BF4B-00C04F79EFBC}") = "Domain", "Domain\Domain.csproj", "{99CD1C44-45C7-476B-8C80-0A823954BA56}"
EndProject
Global
	GlobalSection(SolutionConfigurationPlatforms) = preSolution
		Debug|Any CPU = Debug|Any CPU
		Release|Any CPU = Release|Any CPU
	EndGlobalSection
	GlobalSection(ProjectConfigurationPlatforms) = postSolution
		{0BDB1E54-9822-4261-AF10-BE438DD36BDF}.Debug|Any CPU.ActiveCfg = Debug|Any CPU
		{0BDB1E54-9822-4261-AF10-BE438DD36BDF}.Debug|Any CPU.Build.0 = Debug|Any CPU
		{0BDB1E54-9822-4261-AF10-BE438DD36BDF}.Release|Any CPU.ActiveCfg = Release|Any CPU
		{0BDB1E54-9822-4261-AF10-BE438DD36BDF}.Release|Any CPU.Build.0 = Release|Any CPU
		{DF3F14CA-7160-4CAA-97B1-48499EABDEA6}.Debug|Any CPU.ActiveCfg = Debug|Any CPU
		{DF3F14CA-7160-4CAA-97B1-48499EABDEA6}.Debug|Any CPU.Build.0 = Debug|Any CPU
		{DF3F14CA-7160-4CAA-97B1-48499EABDEA6}.Release|Any CPU.ActiveCfg = Release|Any CPU
		{DF3F14CA-7160-4CAA-97B1-48499EABDEA6}.Release|Any CPU.Build.0 = Release|Any CPU
		{50003437-236E-486B-87C3-F06DAFE51795}.Debug|Any CPU.ActiveCfg = Debug|Any CPU
		{50003437-236E-486B-87C3-F06DAFE51795}.Debug|Any CPU.Build.0 = Debug|Any CPU
		{50003437-236E-486B-87C3-F06DAFE51795}.Release|Any CPU.ActiveCfg = Release|Any CPU
		{50003437-236E-486B-87C3-F06DAFE51795}.Release|Any CPU.Build.0 = Release|Any CPU
		{99CD1C44-45C7-476B-8C80-0A823954BA56}.Debug|Any CPU.ActiveCfg = Debug|Any CPU
		{99CD1C44-45C7-476B-8C80-0A823954BA56}.Debug|Any CPU.Build.0 = Debug|Any CPU
		{99CD1C44-45C7-476B-8C80-0A823954BA56}.Release|Any CPU.ActiveCfg = Release|Any CPU
		{99CD1C44-45C7-476B-8C80-0A823954BA56}.Release|Any CPU.Build.0 = Release|Any CPU
	EndGlobalSection
EndGlobal
